
Microsoft Visual Studio Solution File, Format Version 12.00
# Visual Studio Version 16
VisualStudioVersion = 16.0.32228.343
MinimumVisualStudioVersion = 10.0.40219.1
Project("{FAE04EC0-301F-11D3-BF4B-00C04F79EFBC}") = "HomeworkIndexer", "HomeworkIndexer\HomeworkIndexer.csproj", "{F5F6EF7A-AEC8-4653-90A4-C037401F8093}"
EndProject
Global
	GlobalSection(SolutionConfigurationPlatforms) = preSolution
		Debug|Any CPU = Debug|Any CPU
		Release|Any CPU = Release|Any CPU
	EndGlobalSection
	GlobalSection(ProjectConfigurationPlatforms) = postSolution
		{F5F6EF7A-AEC8-4653-90A4-C037401F8093}.Debug|Any CPU.ActiveCfg = Debug|Any CPU
		{F5F6EF7A-AEC8-4653-90A4-C037401F8093}.Debug|Any CPU.Build.0 = Debug|Any CPU
		{F5F6EF7A-AEC8-4653-90A4-C037401F8093}.Release|Any CPU.ActiveCfg = Release|Any CPU
		{F5F6EF7A-AEC8-4653-90A4-C037401F8093}.Release|Any CPU.Build.0 = Release|Any CPU
	EndGlobalSection
	GlobalSection(SolutionProperties) = preSolution
		HideSolutionNode = FALSE
	EndGlobalSection
	GlobalSection(ExtensibilityGlobals) = postSolution
		SolutionGuid = {AD044B38-B887-4D34-B55F-051C7A73C43D}
	EndGlobalSection
EndGlobal
